
Microsoft Visual Studio Solution File, Format Version 12.00
Project("{FAE04EC0-301F-11D3-BF4B-00C04F79EFBC}") = "Gw2ItemTracker.App", "Gw2ItemTracker.App.csproj", "{888A6A78-5D52-4842-91C2-9CDD9C5D641D}"
EndProject
Project("{FAE04EC0-301F-11D3-BF4B-00C04F79EFBC}") = "Gw2ItemTracker.Infra", "..\Gw2ItemTracker.Infra\Gw2ItemTracker.Infra.csproj", "{65BBB9AF-EF5B-458C-AE67-0C0CED81637C}"
EndProject
Project("{FAE04EC0-301F-11D3-BF4B-00C04F79EFBC}") = "Gw2ItemTracker.Domain", "..\Gw2ItemTracker.Domain\Gw2ItemTracker.Domain.csproj", "{965F73FA-8FF1-450E-A6C3-C4D77A3C8836}"
EndProject
Global
	GlobalSection(SolutionConfigurationPlatforms) = preSolution
		Debug|Any CPU = Debug|Any CPU
		Release|Any CPU = Release|Any CPU
	EndGlobalSection
	GlobalSection(ProjectConfigurationPlatforms) = postSolution
		{888A6A78-5D52-4842-91C2-9CDD9C5D641D}.Debug|Any CPU.ActiveCfg = Debug|Any CPU
		{888A6A78-5D52-4842-91C2-9CDD9C5D641D}.Debug|Any CPU.Build.0 = Debug|Any CPU
		{888A6A78-5D52-4842-91C2-9CDD9C5D641D}.Release|Any CPU.ActiveCfg = Release|Any CPU
		{888A6A78-5D52-4842-91C2-9CDD9C5D641D}.Release|Any CPU.Build.0 = Release|Any CPU
		{65BBB9AF-EF5B-458C-AE67-0C0CED81637C}.Debug|Any CPU.ActiveCfg = Debug|Any CPU
		{65BBB9AF-EF5B-458C-AE67-0C0CED81637C}.Debug|Any CPU.Build.0 = Debug|Any CPU
		{65BBB9AF-EF5B-458C-AE67-0C0CED81637C}.Release|Any CPU.ActiveCfg = Release|Any CPU
		{65BBB9AF-EF5B-458C-AE67-0C0CED81637C}.Release|Any CPU.Build.0 = Release|Any CPU
		{965F73FA-8FF1-450E-A6C3-C4D77A3C8836}.Debug|Any CPU.ActiveCfg = Debug|Any CPU
		{965F73FA-8FF1-450E-A6C3-C4D77A3C8836}.Debug|Any CPU.Build.0 = Debug|Any CPU
		{965F73FA-8FF1-450E-A6C3-C4D77A3C8836}.Release|Any CPU.ActiveCfg = Release|Any CPU
		{965F73FA-8FF1-450E-A6C3-C4D77A3C8836}.Release|Any CPU.Build.0 = Release|Any CPU
	EndGlobalSection
EndGlobal
